
Microsoft Visual Studio Solution File, Format Version 12.00
# Visual Studio Version 17
VisualStudioVersion = 17.11.35222.181
MinimumVisualStudioVersion = 10.0.40219.1
Project("{FAE04EC0-301F-11D3-BF4B-00C04F79EFBC}") = "Subidor_de_imagenes_Front", "Subidor_de_imagenes_Front\Subidor_de_imagenes_Front.csproj", "{C836FB4E-059C-405D-8BD5-71EB6D6DBD0B}"
EndProject
Global
	GlobalSection(SolutionConfigurationPlatforms) = preSolution
		Debug|Any CPU = Debug|Any CPU
		Release|Any CPU = Release|Any CPU
	EndGlobalSection
	GlobalSection(ProjectConfigurationPlatforms) = postSolution
		{C836FB4E-059C-405D-8BD5-71EB6D6DBD0B}.Debug|Any CPU.ActiveCfg = Debug|Any CPU
		{C836FB4E-059C-405D-8BD5-71EB6D6DBD0B}.Debug|Any CPU.Build.0 = Debug|Any CPU
		{C836FB4E-059C-405D-8BD5-71EB6D6DBD0B}.Release|Any CPU.ActiveCfg = Release|Any CPU
		{C836FB4E-059C-405D-8BD5-71EB6D6DBD0B}.Release|Any CPU.Build.0 = Release|Any CPU
	EndGlobalSection
	GlobalSection(SolutionProperties) = preSolution
		HideSolutionNode = FALSE
	EndGlobalSection
	GlobalSection(ExtensibilityGlobals) = postSolution
		SolutionGuid = {3FD3308E-645E-4C3E-8D19-3AF0195CB01A}
	EndGlobalSection
EndGlobal
